
Microsoft Visual Studio Solution File, Format Version 12.00
# Visual Studio Version 17
VisualStudioVersion = 17.8.34309.116
MinimumVisualStudioVersion = 10.0.40219.1
Project("{FAE04EC0-301F-11D3-BF4B-00C04F79EFBC}") = "Domain", "Domain\Domain.csproj", "{9AE416EA-B20A-4570-BF3F-55B0DB01A0A3}"
EndProject
Project("{FAE04EC0-301F-11D3-BF4B-00C04F79EFBC}") = "Presentation", "Presentation\Presentation.csproj", "{F716D40E-5166-423C-9E2A-41C5115B2BE2}"
EndProject
Global
	GlobalSection(SolutionConfigurationPlatforms) = preSolution
		Debug|Any CPU = Debug|Any CPU
		Release|Any CPU = Release|Any CPU
	EndGlobalSection
	GlobalSection(ProjectConfigurationPlatforms) = postSolution
		{9AE416EA-B20A-4570-BF3F-55B0DB01A0A3}.Debug|Any CPU.ActiveCfg = Debug|Any CPU
		{9AE416EA-B20A-4570-BF3F-55B0DB01A0A3}.Debug|Any CPU.Build.0 = Debug|Any CPU
		{9AE416EA-B20A-4570-BF3F-55B0DB01A0A3}.Release|Any CPU.ActiveCfg = Release|Any CPU
		{9AE416EA-B20A-4570-BF3F-55B0DB01A0A3}.Release|Any CPU.Build.0 = Release|Any CPU
		{F716D40E-5166-423C-9E2A-41C5115B2BE2}.Debug|Any CPU.ActiveCfg = Debug|Any CPU
		{F716D40E-5166-423C-9E2A-41C5115B2BE2}.Debug|Any CPU.Build.0 = Debug|Any CPU
		{F716D40E-5166-423C-9E2A-41C5115B2BE2}.Release|Any CPU.ActiveCfg = Release|Any CPU
		{F716D40E-5166-423C-9E2A-41C5115B2BE2}.Release|Any CPU.Build.0 = Release|Any CPU
	EndGlobalSection
	GlobalSection(SolutionProperties) = preSolution
		HideSolutionNode = FALSE
	EndGlobalSection
	GlobalSection(ExtensibilityGlobals) = postSolution
		SolutionGuid = {65D72141-2ADB-4034-B756-F9240FBCC1FA}
	EndGlobalSection
EndGlobal
